
Microsoft Visual Studio Solution File, Format Version 12.00
# Visual Studio Version 16
VisualStudioVersion = 16.0.30804.86
MinimumVisualStudioVersion = 10.0.40219.1
Project("{FAE04EC0-301F-11D3-BF4B-00C04F79EFBC}") = "VäderdataCodeFirst", "VäderdataCodeFirst\VäderdataCodeFirst.csproj", "{318B9C1A-A71C-4159-99E6-6906FAA1BFC1}"
EndProject
Global
	GlobalSection(SolutionConfigurationPlatforms) = preSolution
		Debug|Any CPU = Debug|Any CPU
		Release|Any CPU = Release|Any CPU
	EndGlobalSection
	GlobalSection(ProjectConfigurationPlatforms) = postSolution
		{318B9C1A-A71C-4159-99E6-6906FAA1BFC1}.Debug|Any CPU.ActiveCfg = Debug|Any CPU
		{318B9C1A-A71C-4159-99E6-6906FAA1BFC1}.Debug|Any CPU.Build.0 = Debug|Any CPU
		{318B9C1A-A71C-4159-99E6-6906FAA1BFC1}.Release|Any CPU.ActiveCfg = Release|Any CPU
		{318B9C1A-A71C-4159-99E6-6906FAA1BFC1}.Release|Any CPU.Build.0 = Release|Any CPU
	EndGlobalSection
	GlobalSection(SolutionProperties) = preSolution
		HideSolutionNode = FALSE
	EndGlobalSection
	GlobalSection(ExtensibilityGlobals) = postSolution
		SolutionGuid = {B4FE8187-1CA5-45FC-A82A-3F194535880F}
	EndGlobalSection
EndGlobal
